
Microsoft Visual Studio Solution File, Format Version 12.00
# Visual Studio 15
VisualStudioVersion = 15.0.28307.489
MinimumVisualStudioVersion = 10.0.40219.1
Project("{6EC3EE1D-3C4E-46DD-8F32-0CC8E7565705}") = "MParser", "MParser\MParser.fsproj", "{06FE85A2-92BC-4787-B85A-E4F20F5D4233}"
EndProject
Project("{6EC3EE1D-3C4E-46DD-8F32-0CC8E7565705}") = "LParserC", "LParserC\LParserC\LParserC.fsproj", "{09356149-AAAD-4B3A-A82C-5C6B2164D386}"
EndProject
Project("{6EC3EE1D-3C4E-46DD-8F32-0CC8E7565705}") = "FMalt", "FMalt\FMalt.fsproj", "{CFDBF66B-E6E6-4DCA-A597-F54FB2E9F783}"
EndProject
Project("{6EC3EE1D-3C4E-46DD-8F32-0CC8E7565705}") = "MParser.Test", "MParser.Test\MParser.Test.fsproj", "{0E664F31-41C3-4A8B-B498-412431531BCB}"
EndProject
Project("{6EC3EE1D-3C4E-46DD-8F32-0CC8E7565705}") = "Precompiler", "Precompiler\Precompiler.fsproj", "{70718D84-9909-4B4B-B9D2-51CDCF5F8E68}"
EndProject
Project("{6EC3EE1D-3C4E-46DD-8F32-0CC8E7565705}") = "Precompiler.Test", "Precompiler.Test\Precompiler.Test.fsproj", "{B8E60BAF-A44E-41F5-88AB-915D756C9F62}"
EndProject
Project("{F2A71F9B-5D33-465A-A702-920D77279786}") = "CodeGen", "CodeGen\CodeGen.fsproj", "{847BF890-22CC-426C-83FB-4170FDC2D887}"
EndProject
Global
	GlobalSection(SolutionConfigurationPlatforms) = preSolution
		Debug|Any CPU = Debug|Any CPU
		Release|Any CPU = Release|Any CPU
	EndGlobalSection
	GlobalSection(ProjectConfigurationPlatforms) = postSolution
		{06FE85A2-92BC-4787-B85A-E4F20F5D4233}.Debug|Any CPU.ActiveCfg = Debug|Any CPU
		{06FE85A2-92BC-4787-B85A-E4F20F5D4233}.Debug|Any CPU.Build.0 = Debug|Any CPU
		{06FE85A2-92BC-4787-B85A-E4F20F5D4233}.Release|Any CPU.ActiveCfg = Release|Any CPU
		{06FE85A2-92BC-4787-B85A-E4F20F5D4233}.Release|Any CPU.Build.0 = Release|Any CPU
		{09356149-AAAD-4B3A-A82C-5C6B2164D386}.Debug|Any CPU.ActiveCfg = Debug|Any CPU
		{09356149-AAAD-4B3A-A82C-5C6B2164D386}.Debug|Any CPU.Build.0 = Debug|Any CPU
		{09356149-AAAD-4B3A-A82C-5C6B2164D386}.Release|Any CPU.ActiveCfg = Release|Any CPU
		{09356149-AAAD-4B3A-A82C-5C6B2164D386}.Release|Any CPU.Build.0 = Release|Any CPU
		{CFDBF66B-E6E6-4DCA-A597-F54FB2E9F783}.Debug|Any CPU.ActiveCfg = Debug|Any CPU
		{CFDBF66B-E6E6-4DCA-A597-F54FB2E9F783}.Debug|Any CPU.Build.0 = Debug|Any CPU
		{CFDBF66B-E6E6-4DCA-A597-F54FB2E9F783}.Release|Any CPU.ActiveCfg = Release|Any CPU
		{CFDBF66B-E6E6-4DCA-A597-F54FB2E9F783}.Release|Any CPU.Build.0 = Release|Any CPU
		{0E664F31-41C3-4A8B-B498-412431531BCB}.Debug|Any CPU.ActiveCfg = Debug|Any CPU
		{0E664F31-41C3-4A8B-B498-412431531BCB}.Debug|Any CPU.Build.0 = Debug|Any CPU
		{0E664F31-41C3-4A8B-B498-412431531BCB}.Release|Any CPU.ActiveCfg = Release|Any CPU
		{0E664F31-41C3-4A8B-B498-412431531BCB}.Release|Any CPU.Build.0 = Release|Any CPU
		{70718D84-9909-4B4B-B9D2-51CDCF5F8E68}.Debug|Any CPU.ActiveCfg = Debug|Any CPU
		{70718D84-9909-4B4B-B9D2-51CDCF5F8E68}.Debug|Any CPU.Build.0 = Debug|Any CPU
		{70718D84-9909-4B4B-B9D2-51CDCF5F8E68}.Release|Any CPU.ActiveCfg = Release|Any CPU
		{70718D84-9909-4B4B-B9D2-51CDCF5F8E68}.Release|Any CPU.Build.0 = Release|Any CPU
		{B8E60BAF-A44E-41F5-88AB-915D756C9F62}.Debug|Any CPU.ActiveCfg = Debug|Any CPU
		{B8E60BAF-A44E-41F5-88AB-915D756C9F62}.Debug|Any CPU.Build.0 = Debug|Any CPU
		{B8E60BAF-A44E-41F5-88AB-915D756C9F62}.Release|Any CPU.ActiveCfg = Release|Any CPU
		{B8E60BAF-A44E-41F5-88AB-915D756C9F62}.Release|Any CPU.Build.0 = Release|Any CPU
		{847BF890-22CC-426C-83FB-4170FDC2D887}.Debug|Any CPU.ActiveCfg = Debug|Any CPU
		{847BF890-22CC-426C-83FB-4170FDC2D887}.Debug|Any CPU.Build.0 = Debug|Any CPU
		{847BF890-22CC-426C-83FB-4170FDC2D887}.Release|Any CPU.ActiveCfg = Release|Any CPU
		{847BF890-22CC-426C-83FB-4170FDC2D887}.Release|Any CPU.Build.0 = Release|Any CPU
	EndGlobalSection
	GlobalSection(SolutionProperties) = preSolution
		HideSolutionNode = FALSE
	EndGlobalSection
	GlobalSection(ExtensibilityGlobals) = postSolution
		SolutionGuid = {74C4FF73-05B4-4F04-9B16-DC7DF39BC209}
	EndGlobalSection
	GlobalSection(Performance) = preSolution
		HasPerformanceSessions = true
	EndGlobalSection
EndGlobal
